
Microsoft Visual Studio Solution File, Format Version 12.00
# Visual Studio Version 16
VisualStudioVersion = 16.0.30503.244
MinimumVisualStudioVersion = 10.0.40219.1
Project("{FAE04EC0-301F-11D3-BF4B-00C04F79EFBC}") = "NLayer.Formulario", "CAI_EjercicioCliente\NLayer.Formulario.csproj", "{2ADEE31D-F2D1-44C3-A7D2-B17E64594226}"
EndProject
Project("{FAE04EC0-301F-11D3-BF4B-00C04F79EFBC}") = "NLayer.Consola", "NLayer.Consola\NLayer.Consola.csproj", "{19726FBC-DEF4-48F3-9E8A-5B5A469BF517}"
EndProject
Project("{FAE04EC0-301F-11D3-BF4B-00C04F79EFBC}") = "NLayer.Negocio", "NLayer.Negocio\NLayer.Negocio.csproj", "{76843072-ACD3-484D-92B9-270405623AED}"
EndProject
Project("{FAE04EC0-301F-11D3-BF4B-00C04F79EFBC}") = "NLayer.Dato", "NLayer.Dato\NLayer.Dato.csproj", "{C9A77C5E-2EB1-415C-BA15-7A55BA496C29}"
EndProject
Project("{FAE04EC0-301F-11D3-BF4B-00C04F79EFBC}") = "NLayer.Entidad", "NLayer.Entidad\NLayer.Entidad.csproj", "{7CFC2C66-657B-460A-B074-FA768263D46C}"
EndProject
Global
	GlobalSection(SolutionConfigurationPlatforms) = preSolution
		Debug|Any CPU = Debug|Any CPU
		Release|Any CPU = Release|Any CPU
	EndGlobalSection
	GlobalSection(ProjectConfigurationPlatforms) = postSolution
		{2ADEE31D-F2D1-44C3-A7D2-B17E64594226}.Debug|Any CPU.ActiveCfg = Debug|Any CPU
		{2ADEE31D-F2D1-44C3-A7D2-B17E64594226}.Debug|Any CPU.Build.0 = Debug|Any CPU
		{2ADEE31D-F2D1-44C3-A7D2-B17E64594226}.Release|Any CPU.ActiveCfg = Release|Any CPU
		{2ADEE31D-F2D1-44C3-A7D2-B17E64594226}.Release|Any CPU.Build.0 = Release|Any CPU
		{19726FBC-DEF4-48F3-9E8A-5B5A469BF517}.Debug|Any CPU.ActiveCfg = Debug|Any CPU
		{19726FBC-DEF4-48F3-9E8A-5B5A469BF517}.Debug|Any CPU.Build.0 = Debug|Any CPU
		{19726FBC-DEF4-48F3-9E8A-5B5A469BF517}.Release|Any CPU.ActiveCfg = Release|Any CPU
		{19726FBC-DEF4-48F3-9E8A-5B5A469BF517}.Release|Any CPU.Build.0 = Release|Any CPU
		{76843072-ACD3-484D-92B9-270405623AED}.Debug|Any CPU.ActiveCfg = Debug|Any CPU
		{76843072-ACD3-484D-92B9-270405623AED}.Debug|Any CPU.Build.0 = Debug|Any CPU
		{76843072-ACD3-484D-92B9-270405623AED}.Release|Any CPU.ActiveCfg = Release|Any CPU
		{76843072-ACD3-484D-92B9-270405623AED}.Release|Any CPU.Build.0 = Release|Any CPU
		{C9A77C5E-2EB1-415C-BA15-7A55BA496C29}.Debug|Any CPU.ActiveCfg = Debug|Any CPU
		{C9A77C5E-2EB1-415C-BA15-7A55BA496C29}.Debug|Any CPU.Build.0 = Debug|Any CPU
		{C9A77C5E-2EB1-415C-BA15-7A55BA496C29}.Release|Any CPU.ActiveCfg = Release|Any CPU
		{C9A77C5E-2EB1-415C-BA15-7A55BA496C29}.Release|Any CPU.Build.0 = Release|Any CPU
		{7CFC2C66-657B-460A-B074-FA768263D46C}.Debug|Any CPU.ActiveCfg = Debug|Any CPU
		{7CFC2C66-657B-460A-B074-FA768263D46C}.Debug|Any CPU.Build.0 = Debug|Any CPU
		{7CFC2C66-657B-460A-B074-FA768263D46C}.Release|Any CPU.ActiveCfg = Release|Any CPU
		{7CFC2C66-657B-460A-B074-FA768263D46C}.Release|Any CPU.Build.0 = Release|Any CPU
	EndGlobalSection
	GlobalSection(SolutionProperties) = preSolution
		HideSolutionNode = FALSE
	EndGlobalSection
	GlobalSection(ExtensibilityGlobals) = postSolution
		SolutionGuid = {B3D97346-53E0-48AA-96DF-4DF8FB8C6F3D}
	EndGlobalSection
EndGlobal
